
Microsoft Visual Studio Solution File, Format Version 12.00
# Visual Studio 15
VisualStudioVersion = 15.0.27130.2036
MinimumVisualStudioVersion = 10.0.40219.1
Project("{9A19103F-16F7-4668-BE54-9A1E7A4F7556}") = "Uno.Playground.AspnetShell", "Uno.Playground.AspnetShell\Uno.Playground.AspnetShell.csproj", "{FB046231-9F21-4967-B0F7-88E1A200FC53}"
	ProjectSection(ProjectDependencies) = postProject
		{25DA869C-40CB-4C9A-A1E8-A685B7D4EA90} = {25DA869C-40CB-4C9A-A1E8-A685B7D4EA90}
	EndProjectSection
EndProject
Project("{9A19103F-16F7-4668-BE54-9A1E7A4F7556}") = "Uno.Playground.WASM", "Uno.Playground.WASM\Uno.Playground.WASM.csproj", "{25DA869C-40CB-4C9A-A1E8-A685B7D4EA90}"
EndProject
Project("{D954291E-2A0B-460D-934E-DC6B0785DB48}") = "Uno.Playground.Shared", "Uno.Playground.Shared\Uno.Playground.Shared.shproj", "{6279C845-92F8-4333-AB99-3D213163593C}"
EndProject
Project("{FAE04EC0-301F-11D3-BF4B-00C04F79EFBC}") = "Uno.Playground.UWP", "Uno.Playground.UWP\Uno.Playground.UWP.csproj", "{B9799C1B-6092-4DF2-9274-7C127D1AB700}"
EndProject
Project("{FAE04EC0-301F-11D3-BF4B-00C04F79EFBC}") = "Uno.Playground.Droid", "Uno.Playground.Droid\Uno.Playground.Droid.csproj", "{5077C264-AD1A-4FFA-899C-A564F624F161}"
EndProject
Project("{FAE04EC0-301F-11D3-BF4B-00C04F79EFBC}") = "Uno.Playground.iOS", "Uno.Playground.iOS\Uno.Playground.iOS.csproj", "{85473ADF-7C3B-415B-B68D-0B90483CEB26}"
EndProject
Project("{9A19103F-16F7-4668-BE54-9A1E7A4F7556}") = "Uno.Playground.Api", "Uno.Playground.Api\Uno.Playground.Api.csproj", "{BE24E930-CBD3-4043-B55F-586DCC1E5225}"
EndProject
Project("{9A19103F-16F7-4668-BE54-9A1E7A4F7556}") = "Build", "Build\Build.csproj", "{ED225EC8-FAAA-439D-B9BA-3723F6F5516C}"
EndProject
Global
	GlobalSection(SharedMSBuildProjectFiles) = preSolution
		Uno.Playground.Shared\Uno.Playground.Shared.projitems*{5077c264-ad1a-4ffa-899c-a564f624f161}*SharedItemsImports = 4
		Uno.Playground.Shared\Uno.Playground.Shared.projitems*{6279c845-92f8-4333-ab99-3d213163593c}*SharedItemsImports = 13
		Uno.Playground.Shared\Uno.Playground.Shared.projitems*{85473adf-7c3b-415b-b68d-0b90483ceb26}*SharedItemsImports = 4
		Uno.Playground.Shared\Uno.Playground.Shared.projitems*{b9799c1b-6092-4df2-9274-7c127d1ab700}*SharedItemsImports = 4
	EndGlobalSection
	GlobalSection(SolutionConfigurationPlatforms) = preSolution
		Ad-Hoc|Any CPU = Ad-Hoc|Any CPU
		Ad-Hoc|ARM = Ad-Hoc|ARM
		Ad-Hoc|iPhone = Ad-Hoc|iPhone
		Ad-Hoc|iPhoneSimulator = Ad-Hoc|iPhoneSimulator
		Ad-Hoc|x64 = Ad-Hoc|x64
		Ad-Hoc|x86 = Ad-Hoc|x86
		AppStore|Any CPU = AppStore|Any CPU
		AppStore|ARM = AppStore|ARM
		AppStore|iPhone = AppStore|iPhone
		AppStore|iPhoneSimulator = AppStore|iPhoneSimulator
		AppStore|x64 = AppStore|x64
		AppStore|x86 = AppStore|x86
		Debug|Any CPU = Debug|Any CPU
		Debug|ARM = Debug|ARM
		Debug|iPhone = Debug|iPhone
		Debug|iPhoneSimulator = Debug|iPhoneSimulator
		Debug|x64 = Debug|x64
		Debug|x86 = Debug|x86
		Release_iOS|Any CPU = Release_iOS|Any CPU
		Release_iOS|ARM = Release_iOS|ARM
		Release_iOS|iPhone = Release_iOS|iPhone
		Release_iOS|iPhoneSimulator = Release_iOS|iPhoneSimulator
		Release_iOS|x64 = Release_iOS|x64
		Release_iOS|x86 = Release_iOS|x86
		Release_UWP|Any CPU = Release_UWP|Any CPU
		Release_UWP|ARM = Release_UWP|ARM
		Release_UWP|iPhone = Release_UWP|iPhone
		Release_UWP|iPhoneSimulator = Release_UWP|iPhoneSimulator
		Release_UWP|x64 = Release_UWP|x64
		Release_UWP|x86 = Release_UWP|x86
		Release|Any CPU = Release|Any CPU
		Release|ARM = Release|ARM
		Release|iPhone = Release|iPhone
		Release|iPhoneSimulator = Release|iPhoneSimulator
		Release|x64 = Release|x64
		Release|x86 = Release|x86
	EndGlobalSection
	GlobalSection(ProjectConfigurationPlatforms) = postSolution
		{FB046231-9F21-4967-B0F7-88E1A200FC53}.Ad-Hoc|Any CPU.ActiveCfg = Release|Any CPU
		{FB046231-9F21-4967-B0F7-88E1A200FC53}.Ad-Hoc|Any CPU.Build.0 = Release|Any CPU
		{FB046231-9F21-4967-B0F7-88E1A200FC53}.Ad-Hoc|ARM.ActiveCfg = Release|Any CPU
		{FB046231-9F21-4967-B0F7-88E1A200FC53}.Ad-Hoc|ARM.Build.0 = Release|Any CPU
		{FB046231-9F21-4967-B0F7-88E1A200FC53}.Ad-Hoc|iPhone.ActiveCfg = Release|Any CPU
		{FB046231-9F21-4967-B0F7-88E1A200FC53}.Ad-Hoc|iPhone.Build.0 = Release|Any CPU
		{FB046231-9F21-4967-B0F7-88E1A200FC53}.Ad-Hoc|iPhoneSimulator.ActiveCfg = Release|Any CPU
		{FB046231-9F21-4967-B0F7-88E1A200FC53}.Ad-Hoc|iPhoneSimulator.Build.0 = Release|Any CPU
		{FB046231-9F21-4967-B0F7-88E1A200FC53}.Ad-Hoc|x64.ActiveCfg = Release|Any CPU
		{FB046231-9F21-4967-B0F7-88E1A200FC53}.Ad-Hoc|x64.Build.0 = Release|Any CPU
		{FB046231-9F21-4967-B0F7-88E1A200FC53}.Ad-Hoc|x86.ActiveCfg = Release|Any CPU
		{FB046231-9F21-4967-B0F7-88E1A200FC53}.Ad-Hoc|x86.Build.0 = Release|Any CPU
		{FB046231-9F21-4967-B0F7-88E1A200FC53}.AppStore|Any CPU.ActiveCfg = Release|Any CPU
		{FB046231-9F21-4967-B0F7-88E1A200FC53}.AppStore|Any CPU.Build.0 = Release|Any CPU
		{FB046231-9F21-4967-B0F7-88E1A200FC53}.AppStore|ARM.ActiveCfg = Release|Any CPU
		{FB046231-9F21-4967-B0F7-88E1A200FC53}.AppStore|ARM.Build.0 = Release|Any CPU
		{FB046231-9F21-4967-B0F7-88E1A200FC53}.AppStore|iPhone.ActiveCfg = Release|Any CPU
		{FB046231-9F21-4967-B0F7-88E1A200FC53}.AppStore|iPhone.Build.0 = Release|Any CPU
		{FB046231-9F21-4967-B0F7-88E1A200FC53}.AppStore|iPhoneSimulator.ActiveCfg = Release|Any CPU
		{FB046231-9F21-4967-B0F7-88E1A200FC53}.AppStore|iPhoneSimulator.Build.0 = Release|Any CPU
		{FB046231-9F21-4967-B0F7-88E1A200FC53}.AppStore|x64.ActiveCfg = Release|Any CPU
		{FB046231-9F21-4967-B0F7-88E1A200FC53}.AppStore|x64.Build.0 = Release|Any CPU
		{FB046231-9F21-4967-B0F7-88E1A200FC53}.AppStore|x86.ActiveCfg = Release|Any CPU
		{FB046231-9F21-4967-B0F7-88E1A200FC53}.AppStore|x86.Build.0 = Release|Any CPU
		{FB046231-9F21-4967-B0F7-88E1A200FC53}.Debug|Any CPU.ActiveCfg = Debug|Any CPU
		{FB046231-9F21-4967-B0F7-88E1A200FC53}.Debug|Any CPU.Build.0 = Debug|Any CPU
		{FB046231-9F21-4967-B0F7-88E1A200FC53}.Debug|ARM.ActiveCfg = Debug|Any CPU
		{FB046231-9F21-4967-B0F7-88E1A200FC53}.Debug|ARM.Build.0 = Debug|Any CPU
		{FB046231-9F21-4967-B0F7-88E1A200FC53}.Debug|iPhone.ActiveCfg = Debug|Any CPU
		{FB046231-9F21-4967-B0F7-88E1A200FC53}.Debug|iPhone.Build.0 = Debug|Any CPU
		{FB046231-9F21-4967-B0F7-88E1A200FC53}.Debug|iPhoneSimulator.ActiveCfg = Debug|Any CPU
		{FB046231-9F21-4967-B0F7-88E1A200FC53}.Debug|iPhoneSimulator.Build.0 = Debug|Any CPU
		{FB046231-9F21-4967-B0F7-88E1A200FC53}.Debug|x64.ActiveCfg = Debug|Any CPU
		{FB046231-9F21-4967-B0F7-88E1A200FC53}.Debug|x64.Build.0 = Debug|Any CPU
		{FB046231-9F21-4967-B0F7-88E1A200FC53}.Debug|x86.ActiveCfg = Debug|Any CPU
		{FB046231-9F21-4967-B0F7-88E1A200FC53}.Debug|x86.Build.0 = Debug|Any CPU
		{FB046231-9F21-4967-B0F7-88E1A200FC53}.Release_iOS|Any CPU.ActiveCfg = Release|Any CPU
		{FB046231-9F21-4967-B0F7-88E1A200FC53}.Release_iOS|ARM.ActiveCfg = Release|Any CPU
		{FB046231-9F21-4967-B0F7-88E1A200FC53}.Release_iOS|ARM.Build.0 = Release|Any CPU
		{FB046231-9F21-4967-B0F7-88E1A200FC53}.Release_iOS|iPhone.ActiveCfg = Release|Any CPU
		{FB046231-9F21-4967-B0F7-88E1A200FC53}.Release_iOS|iPhone.Build.0 = Release|Any CPU
		{FB046231-9F21-4967-B0F7-88E1A200FC53}.Release_iOS|iPhoneSimulator.ActiveCfg = Release|Any CPU
		{FB046231-9F21-4967-B0F7-88E1A200FC53}.Release_iOS|iPhoneSimulator.Build.0 = Release|Any CPU
		{FB046231-9F21-4967-B0F7-88E1A200FC53}.Release_iOS|x64.ActiveCfg = Release|Any CPU
		{FB046231-9F21-4967-B0F7-88E1A200FC53}.Release_iOS|x64.Build.0 = Release|Any CPU
		{FB046231-9F21-4967-B0F7-88E1A200FC53}.Release_iOS|x86.ActiveCfg = Release|Any CPU
		{FB046231-9F21-4967-B0F7-88E1A200FC53}.Release_iOS|x86.Build.0 = Release|Any CPU
		{FB046231-9F21-4967-B0F7-88E1A200FC53}.Release_UWP|Any CPU.ActiveCfg = Release|Any CPU
		{FB046231-9F21-4967-B0F7-88E1A200FC53}.Release_UWP|ARM.ActiveCfg = Release|Any CPU
		{FB046231-9F21-4967-B0F7-88E1A200FC53}.Release_UWP|ARM.Build.0 = Release|Any CPU
		{FB046231-9F21-4967-B0F7-88E1A200FC53}.Release_UWP|iPhone.ActiveCfg = Release|Any CPU
		{FB046231-9F21-4967-B0F7-88E1A200FC53}.Release_UWP|iPhone.Build.0 = Release|Any CPU
		{FB046231-9F21-4967-B0F7-88E1A200FC53}.Release_UWP|iPhoneSimulator.ActiveCfg = Release|Any CPU
		{FB046231-9F21-4967-B0F7-88E1A200FC53}.Release_UWP|iPhoneSimulator.Build.0 = Release|Any CPU
		{FB046231-9F21-4967-B0F7-88E1A200FC53}.Release_UWP|x64.ActiveCfg = Release|Any CPU
		{FB046231-9F21-4967-B0F7-88E1A200FC53}.Release_UWP|x64.Build.0 = Release|Any CPU
		{FB046231-9F21-4967-B0F7-88E1A200FC53}.Release_UWP|x86.ActiveCfg = Release|Any CPU
		{FB046231-9F21-4967-B0F7-88E1A200FC53}.Release_UWP|x86.Build.0 = Release|Any CPU
		{FB046231-9F21-4967-B0F7-88E1A200FC53}.Release|Any CPU.ActiveCfg = Release|Any CPU
		{FB046231-9F21-4967-B0F7-88E1A200FC53}.Release|Any CPU.Build.0 = Release|Any CPU
		{FB046231-9F21-4967-B0F7-88E1A200FC53}.Release|ARM.ActiveCfg = Release|Any CPU
		{FB046231-9F21-4967-B0F7-88E1A200FC53}.Release|ARM.Build.0 = Release|Any CPU
		{FB046231-9F21-4967-B0F7-88E1A200FC53}.Release|iPhone.ActiveCfg = Release|Any CPU
		{FB046231-9F21-4967-B0F7-88E1A200FC53}.Release|iPhone.Build.0 = Release|Any CPU
		{FB046231-9F21-4967-B0F7-88E1A200FC53}.Release|iPhoneSimulator.ActiveCfg = Release|Any CPU
		{FB046231-9F21-4967-B0F7-88E1A200FC53}.Release|iPhoneSimulator.Build.0 = Release|Any CPU
		{FB046231-9F21-4967-B0F7-88E1A200FC53}.Release|x64.ActiveCfg = Release|Any CPU
		{FB046231-9F21-4967-B0F7-88E1A200FC53}.Release|x64.Build.0 = Release|Any CPU
		{FB046231-9F21-4967-B0F7-88E1A200FC53}.Release|x86.ActiveCfg = Release|Any CPU
		{FB046231-9F21-4967-B0F7-88E1A200FC53}.Release|x86.Build.0 = Release|Any CPU
		{25DA869C-40CB-4C9A-A1E8-A685B7D4EA90}.Ad-Hoc|Any CPU.ActiveCfg = Debug|Any CPU
		{25DA869C-40CB-4C9A-A1E8-A685B7D4EA90}.Ad-Hoc|Any CPU.Build.0 = Debug|Any CPU
		{25DA869C-40CB-4C9A-A1E8-A685B7D4EA90}.Ad-Hoc|ARM.ActiveCfg = Debug|Any CPU
		{25DA869C-40CB-4C9A-A1E8-A685B7D4EA90}.Ad-Hoc|ARM.Build.0 = Debug|Any CPU
		{25DA869C-40CB-4C9A-A1E8-A685B7D4EA90}.Ad-Hoc|iPhone.ActiveCfg = Debug|Any CPU
		{25DA869C-40CB-4C9A-A1E8-A685B7D4EA90}.Ad-Hoc|iPhone.Build.0 = Debug|Any CPU
		{25DA869C-40CB-4C9A-A1E8-A685B7D4EA90}.Ad-Hoc|iPhoneSimulator.ActiveCfg = Debug|Any CPU
		{25DA869C-40CB-4C9A-A1E8-A685B7D4EA90}.Ad-Hoc|iPhoneSimulator.Build.0 = Debug|Any CPU
		{25DA869C-40CB-4C9A-A1E8-A685B7D4EA90}.Ad-Hoc|x64.ActiveCfg = Debug|Any CPU
		{25DA869C-40CB-4C9A-A1E8-A685B7D4EA90}.Ad-Hoc|x64.Build.0 = Debug|Any CPU
		{25DA869C-40CB-4C9A-A1E8-A685B7D4EA90}.Ad-Hoc|x86.ActiveCfg = Debug|Any CPU
		{25DA869C-40CB-4C9A-A1E8-A685B7D4EA90}.Ad-Hoc|x86.Build.0 = Debug|Any CPU
		{25DA869C-40CB-4C9A-A1E8-A685B7D4EA90}.AppStore|Any CPU.ActiveCfg = Debug|Any CPU
		{25DA869C-40CB-4C9A-A1E8-A685B7D4EA90}.AppStore|Any CPU.Build.0 = Debug|Any CPU
		{25DA869C-40CB-4C9A-A1E8-A685B7D4EA90}.AppStore|ARM.ActiveCfg = Debug|Any CPU
		{25DA869C-40CB-4C9A-A1E8-A685B7D4EA90}.AppStore|ARM.Build.0 = Debug|Any CPU
		{25DA869C-40CB-4C9A-A1E8-A685B7D4EA90}.AppStore|iPhone.ActiveCfg = Debug|Any CPU
		{25DA869C-40CB-4C9A-A1E8-A685B7D4EA90}.AppStore|iPhone.Build.0 = Debug|Any CPU
		{25DA869C-40CB-4C9A-A1E8-A685B7D4EA90}.AppStore|iPhoneSimulator.ActiveCfg = Debug|Any CPU
		{25DA869C-40CB-4C9A-A1E8-A685B7D4EA90}.AppStore|iPhoneSimulator.Build.0 = Debug|Any CPU
		{25DA869C-40CB-4C9A-A1E8-A685B7D4EA90}.AppStore|x64.ActiveCfg = Debug|Any CPU
		{25DA869C-40CB-4C9A-A1E8-A685B7D4EA90}.AppStore|x64.Build.0 = Debug|Any CPU
		{25DA869C-40CB-4C9A-A1E8-A685B7D4EA90}.AppStore|x86.ActiveCfg = Debug|Any CPU
		{25DA869C-40CB-4C9A-A1E8-A685B7D4EA90}.AppStore|x86.Build.0 = Debug|Any CPU
		{25DA869C-40CB-4C9A-A1E8-A685B7D4EA90}.Debug|Any CPU.ActiveCfg = Debug|Any CPU
		{25DA869C-40CB-4C9A-A1E8-A685B7D4EA90}.Debug|Any CPU.Build.0 = Debug|Any CPU
		{25DA869C-40CB-4C9A-A1E8-A685B7D4EA90}.Debug|ARM.ActiveCfg = Debug|Any CPU
		{25DA869C-40CB-4C9A-A1E8-A685B7D4EA90}.Debug|ARM.Build.0 = Debug|Any CPU
		{25DA869C-40CB-4C9A-A1E8-A685B7D4EA90}.Debug|iPhone.ActiveCfg = Debug|Any CPU
		{25DA869C-40CB-4C9A-A1E8-A685B7D4EA90}.Debug|iPhone.Build.0 = Debug|Any CPU
		{25DA869C-40CB-4C9A-A1E8-A685B7D4EA90}.Debug|iPhoneSimulator.ActiveCfg = Debug|Any CPU
		{25DA869C-40CB-4C9A-A1E8-A685B7D4EA90}.Debug|iPhoneSimulator.Build.0 = Debug|Any CPU
		{25DA869C-40CB-4C9A-A1E8-A685B7D4EA90}.Debug|x64.ActiveCfg = Debug|Any CPU
		{25DA869C-40CB-4C9A-A1E8-A685B7D4EA90}.Debug|x64.Build.0 = Debug|Any CPU
		{25DA869C-40CB-4C9A-A1E8-A685B7D4EA90}.Debug|x86.ActiveCfg = Debug|Any CPU
		{25DA869C-40CB-4C9A-A1E8-A685B7D4EA90}.Debug|x86.Build.0 = Debug|Any CPU
		{25DA869C-40CB-4C9A-A1E8-A685B7D4EA90}.Release_iOS|Any CPU.ActiveCfg = Release|Any CPU
		{25DA869C-40CB-4C9A-A1E8-A685B7D4EA90}.Release_iOS|Any CPU.Build.0 = Release|Any CPU
		{25DA869C-40CB-4C9A-A1E8-A685B7D4EA90}.Release_iOS|ARM.ActiveCfg = Release|Any CPU
		{25DA869C-40CB-4C9A-A1E8-A685B7D4EA90}.Release_iOS|ARM.Build.0 = Release|Any CPU
		{25DA869C-40CB-4C9A-A1E8-A685B7D4EA90}.Release_iOS|iPhone.ActiveCfg = Release|Any CPU
		{25DA869C-40CB-4C9A-A1E8-A685B7D4EA90}.Release_iOS|iPhone.Build.0 = Release|Any CPU
		{25DA869C-40CB-4C9A-A1E8-A685B7D4EA90}.Release_iOS|iPhoneSimulator.ActiveCfg = Release|Any CPU
		{25DA869C-40CB-4C9A-A1E8-A685B7D4EA90}.Release_iOS|iPhoneSimulator.Build.0 = Release|Any CPU
		{25DA869C-40CB-4C9A-A1E8-A685B7D4EA90}.Release_iOS|x64.ActiveCfg = Release|Any CPU
		{25DA869C-40CB-4C9A-A1E8-A685B7D4EA90}.Release_iOS|x64.Build.0 = Release|Any CPU
		{25DA869C-40CB-4C9A-A1E8-A685B7D4EA90}.Release_iOS|x86.ActiveCfg = Release|Any CPU
		{25DA869C-40CB-4C9A-A1E8-A685B7D4EA90}.Release_iOS|x86.Build.0 = Release|Any CPU
		{25DA869C-40CB-4C9A-A1E8-A685B7D4EA90}.Release_UWP|Any CPU.ActiveCfg = Release|Any CPU
		{25DA869C-40CB-4C9A-A1E8-A685B7D4EA90}.Release_UWP|ARM.ActiveCfg = Release|Any CPU
		{25DA869C-40CB-4C9A-A1E8-A685B7D4EA90}.Release_UWP|ARM.Build.0 = Release|Any CPU
		{25DA869C-40CB-4C9A-A1E8-A685B7D4EA90}.Release_UWP|iPhone.ActiveCfg = Release|Any CPU
		{25DA869C-40CB-4C9A-A1E8-A685B7D4EA90}.Release_UWP|iPhone.Build.0 = Release|Any CPU
		{25DA869C-40CB-4C9A-A1E8-A685B7D4EA90}.Release_UWP|iPhoneSimulator.ActiveCfg = Release|Any CPU
		{25DA869C-40CB-4C9A-A1E8-A685B7D4EA90}.Release_UWP|iPhoneSimulator.Build.0 = Release|Any CPU
		{25DA869C-40CB-4C9A-A1E8-A685B7D4EA90}.Release_UWP|x64.ActiveCfg = Release|Any CPU
		{25DA869C-40CB-4C9A-A1E8-A685B7D4EA90}.Release_UWP|x64.Build.0 = Release|Any CPU
		{25DA869C-40CB-4C9A-A1E8-A685B7D4EA90}.Release_UWP|x86.ActiveCfg = Release|Any CPU
		{25DA869C-40CB-4C9A-A1E8-A685B7D4EA90}.Release_UWP|x86.Build.0 = Release|Any CPU
		{25DA869C-40CB-4C9A-A1E8-A685B7D4EA90}.Release|Any CPU.ActiveCfg = Release|Any CPU
		{25DA869C-40CB-4C9A-A1E8-A685B7D4EA90}.Release|Any CPU.Build.0 = Release|Any CPU
		{25DA869C-40CB-4C9A-A1E8-A685B7D4EA90}.Release|ARM.ActiveCfg = Release|Any CPU
		{25DA869C-40CB-4C9A-A1E8-A685B7D4EA90}.Release|ARM.Build.0 = Release|Any CPU
		{25DA869C-40CB-4C9A-A1E8-A685B7D4EA90}.Release|iPhone.ActiveCfg = Release|Any CPU
		{25DA869C-40CB-4C9A-A1E8-A685B7D4EA90}.Release|iPhone.Build.0 = Release|Any CPU
		{25DA869C-40CB-4C9A-A1E8-A685B7D4EA90}.Release|iPhoneSimulator.ActiveCfg = Release|Any CPU
		{25DA869C-40CB-4C9A-A1E8-A685B7D4EA90}.Release|iPhoneSimulator.Build.0 = Release|Any CPU
		{25DA869C-40CB-4C9A-A1E8-A685B7D4EA90}.Release|x64.ActiveCfg = Release|Any CPU
		{25DA869C-40CB-4C9A-A1E8-A685B7D4EA90}.Release|x64.Build.0 = Release|Any CPU
		{25DA869C-40CB-4C9A-A1E8-A685B7D4EA90}.Release|x86.ActiveCfg = Release|Any CPU
		{25DA869C-40CB-4C9A-A1E8-A685B7D4EA90}.Release|x86.Build.0 = Release|Any CPU
		{B9799C1B-6092-4DF2-9274-7C127D1AB700}.Ad-Hoc|Any CPU.ActiveCfg = Release|x64
		{B9799C1B-6092-4DF2-9274-7C127D1AB700}.Ad-Hoc|Any CPU.Build.0 = Release|x64
		{B9799C1B-6092-4DF2-9274-7C127D1AB700}.Ad-Hoc|Any CPU.Deploy.0 = Release|x64
		{B9799C1B-6092-4DF2-9274-7C127D1AB700}.Ad-Hoc|ARM.ActiveCfg = Release|ARM
		{B9799C1B-6092-4DF2-9274-7C127D1AB700}.Ad-Hoc|ARM.Build.0 = Release|ARM
		{B9799C1B-6092-4DF2-9274-7C127D1AB700}.Ad-Hoc|ARM.Deploy.0 = Release|ARM
		{B9799C1B-6092-4DF2-9274-7C127D1AB700}.Ad-Hoc|iPhone.ActiveCfg = Release|x64
		{B9799C1B-6092-4DF2-9274-7C127D1AB700}.Ad-Hoc|iPhone.Build.0 = Release|x64
		{B9799C1B-6092-4DF2-9274-7C127D1AB700}.Ad-Hoc|iPhone.Deploy.0 = Release|x64
		{B9799C1B-6092-4DF2-9274-7C127D1AB700}.Ad-Hoc|iPhoneSimulator.ActiveCfg = Release|x64
		{B9799C1B-6092-4DF2-9274-7C127D1AB700}.Ad-Hoc|iPhoneSimulator.Build.0 = Release|x64
		{B9799C1B-6092-4DF2-9274-7C127D1AB700}.Ad-Hoc|iPhoneSimulator.Deploy.0 = Release|x64
		{B9799C1B-6092-4DF2-9274-7C127D1AB700}.Ad-Hoc|x64.ActiveCfg = Release|x64
		{B9799C1B-6092-4DF2-9274-7C127D1AB700}.Ad-Hoc|x64.Build.0 = Release|x64
		{B9799C1B-6092-4DF2-9274-7C127D1AB700}.Ad-Hoc|x64.Deploy.0 = Release|x64
		{B9799C1B-6092-4DF2-9274-7C127D1AB700}.Ad-Hoc|x86.ActiveCfg = Release|x86
		{B9799C1B-6092-4DF2-9274-7C127D1AB700}.Ad-Hoc|x86.Build.0 = Release|x86
		{B9799C1B-6092-4DF2-9274-7C127D1AB700}.Ad-Hoc|x86.Deploy.0 = Release|x86
		{B9799C1B-6092-4DF2-9274-7C127D1AB700}.AppStore|Any CPU.ActiveCfg = Release|x64
		{B9799C1B-6092-4DF2-9274-7C127D1AB700}.AppStore|Any CPU.Build.0 = Release|x64
		{B9799C1B-6092-4DF2-9274-7C127D1AB700}.AppStore|Any CPU.Deploy.0 = Release|x64
		{B9799C1B-6092-4DF2-9274-7C127D1AB700}.AppStore|ARM.ActiveCfg = Release|ARM
		{B9799C1B-6092-4DF2-9274-7C127D1AB700}.AppStore|ARM.Build.0 = Release|ARM
		{B9799C1B-6092-4DF2-9274-7C127D1AB700}.AppStore|ARM.Deploy.0 = Release|ARM
		{B9799C1B-6092-4DF2-9274-7C127D1AB700}.AppStore|iPhone.ActiveCfg = Release|x64
		{B9799C1B-6092-4DF2-9274-7C127D1AB700}.AppStore|iPhone.Build.0 = Release|x64
		{B9799C1B-6092-4DF2-9274-7C127D1AB700}.AppStore|iPhone.Deploy.0 = Release|x64
		{B9799C1B-6092-4DF2-9274-7C127D1AB700}.AppStore|iPhoneSimulator.ActiveCfg = Release|x64
		{B9799C1B-6092-4DF2-9274-7C127D1AB700}.AppStore|iPhoneSimulator.Build.0 = Release|x64
		{B9799C1B-6092-4DF2-9274-7C127D1AB700}.AppStore|iPhoneSimulator.Deploy.0 = Release|x64
		{B9799C1B-6092-4DF2-9274-7C127D1AB700}.AppStore|x64.ActiveCfg = Release|x64
		{B9799C1B-6092-4DF2-9274-7C127D1AB700}.AppStore|x64.Build.0 = Release|x64
		{B9799C1B-6092-4DF2-9274-7C127D1AB700}.AppStore|x64.Deploy.0 = Release|x64
		{B9799C1B-6092-4DF2-9274-7C127D1AB700}.AppStore|x86.ActiveCfg = Release|x86
		{B9799C1B-6092-4DF2-9274-7C127D1AB700}.AppStore|x86.Build.0 = Release|x86
		{B9799C1B-6092-4DF2-9274-7C127D1AB700}.AppStore|x86.Deploy.0 = Release|x86
		{B9799C1B-6092-4DF2-9274-7C127D1AB700}.Debug|Any CPU.ActiveCfg = Debug|x86
		{B9799C1B-6092-4DF2-9274-7C127D1AB700}.Debug|ARM.ActiveCfg = Debug|ARM
		{B9799C1B-6092-4DF2-9274-7C127D1AB700}.Debug|ARM.Build.0 = Debug|ARM
		{B9799C1B-6092-4DF2-9274-7C127D1AB700}.Debug|ARM.Deploy.0 = Debug|ARM
		{B9799C1B-6092-4DF2-9274-7C127D1AB700}.Debug|iPhone.ActiveCfg = Debug|x86
		{B9799C1B-6092-4DF2-9274-7C127D1AB700}.Debug|iPhoneSimulator.ActiveCfg = Debug|x86
		{B9799C1B-6092-4DF2-9274-7C127D1AB700}.Debug|x64.ActiveCfg = Debug|x64
		{B9799C1B-6092-4DF2-9274-7C127D1AB700}.Debug|x64.Build.0 = Debug|x64
		{B9799C1B-6092-4DF2-9274-7C127D1AB700}.Debug|x64.Deploy.0 = Debug|x64
		{B9799C1B-6092-4DF2-9274-7C127D1AB700}.Debug|x86.ActiveCfg = Debug|x86
		{B9799C1B-6092-4DF2-9274-7C127D1AB700}.Debug|x86.Build.0 = Debug|x86
		{B9799C1B-6092-4DF2-9274-7C127D1AB700}.Debug|x86.Deploy.0 = Debug|x86
		{B9799C1B-6092-4DF2-9274-7C127D1AB700}.Release_iOS|Any CPU.ActiveCfg = Release|x86
		{B9799C1B-6092-4DF2-9274-7C127D1AB700}.Release_iOS|ARM.ActiveCfg = Release|ARM
		{B9799C1B-6092-4DF2-9274-7C127D1AB700}.Release_iOS|ARM.Build.0 = Release|ARM
		{B9799C1B-6092-4DF2-9274-7C127D1AB700}.Release_iOS|ARM.Deploy.0 = Release|ARM
		{B9799C1B-6092-4DF2-9274-7C127D1AB700}.Release_iOS|iPhone.ActiveCfg = Release|x86
		{B9799C1B-6092-4DF2-9274-7C127D1AB700}.Release_iOS|iPhoneSimulator.ActiveCfg = Release|x86
		{B9799C1B-6092-4DF2-9274-7C127D1AB700}.Release_iOS|x64.ActiveCfg = Release|x64
		{B9799C1B-6092-4DF2-9274-7C127D1AB700}.Release_iOS|x64.Build.0 = Release|x64
		{B9799C1B-6092-4DF2-9274-7C127D1AB700}.Release_iOS|x64.Deploy.0 = Release|x64
		{B9799C1B-6092-4DF2-9274-7C127D1AB700}.Release_iOS|x86.ActiveCfg = Release|x86
		{B9799C1B-6092-4DF2-9274-7C127D1AB700}.Release_iOS|x86.Build.0 = Release|x86
		{B9799C1B-6092-4DF2-9274-7C127D1AB700}.Release_iOS|x86.Deploy.0 = Release|x86
		{B9799C1B-6092-4DF2-9274-7C127D1AB700}.Release_UWP|Any CPU.ActiveCfg = Release|Win32
		{B9799C1B-6092-4DF2-9274-7C127D1AB700}.Release_UWP|Any CPU.Build.0 = Release|Win32
		{B9799C1B-6092-4DF2-9274-7C127D1AB700}.Release_UWP|Any CPU.Deploy.0 = Release|Win32
		{B9799C1B-6092-4DF2-9274-7C127D1AB700}.Release_UWP|ARM.ActiveCfg = Release|ARM
		{B9799C1B-6092-4DF2-9274-7C127D1AB700}.Release_UWP|ARM.Build.0 = Release|ARM
		{B9799C1B-6092-4DF2-9274-7C127D1AB700}.Release_UWP|ARM.Deploy.0 = Release|ARM
		{B9799C1B-6092-4DF2-9274-7C127D1AB700}.Release_UWP|iPhone.ActiveCfg = Release|Win32
		{B9799C1B-6092-4DF2-9274-7C127D1AB700}.Release_UWP|iPhone.Build.0 = Release|Win32
		{B9799C1B-6092-4DF2-9274-7C127D1AB700}.Release_UWP|iPhone.Deploy.0 = Release|Win32
		{B9799C1B-6092-4DF2-9274-7C127D1AB700}.Release_UWP|iPhoneSimulator.ActiveCfg = Release|Win32
		{B9799C1B-6092-4DF2-9274-7C127D1AB700}.Release_UWP|iPhoneSimulator.Build.0 = Release|Win32
		{B9799C1B-6092-4DF2-9274-7C127D1AB700}.Release_UWP|iPhoneSimulator.Deploy.0 = Release|Win32
		{B9799C1B-6092-4DF2-9274-7C127D1AB700}.Release_UWP|x64.ActiveCfg = Release|x64
		{B9799C1B-6092-4DF2-9274-7C127D1AB700}.Release_UWP|x64.Build.0 = Release|x64
		{B9799C1B-6092-4DF2-9274-7C127D1AB700}.Release_UWP|x64.Deploy.0 = Release|x64
		{B9799C1B-6092-4DF2-9274-7C127D1AB700}.Release_UWP|x86.ActiveCfg = Release|x86
		{B9799C1B-6092-4DF2-9274-7C127D1AB700}.Release_UWP|x86.Build.0 = Release|x86
		{B9799C1B-6092-4DF2-9274-7C127D1AB700}.Release_UWP|x86.Deploy.0 = Release|x86
		{B9799C1B-6092-4DF2-9274-7C127D1AB700}.Release|Any CPU.ActiveCfg = Release|x86
		{B9799C1B-6092-4DF2-9274-7C127D1AB700}.Release|ARM.ActiveCfg = Release|ARM
		{B9799C1B-6092-4DF2-9274-7C127D1AB700}.Release|ARM.Build.0 = Release|ARM
		{B9799C1B-6092-4DF2-9274-7C127D1AB700}.Release|ARM.Deploy.0 = Release|ARM
		{B9799C1B-6092-4DF2-9274-7C127D1AB700}.Release|iPhone.ActiveCfg = Release|x86
		{B9799C1B-6092-4DF2-9274-7C127D1AB700}.Release|iPhoneSimulator.ActiveCfg = Release|x86
		{B9799C1B-6092-4DF2-9274-7C127D1AB700}.Release|x64.ActiveCfg = Release|x64
		{B9799C1B-6092-4DF2-9274-7C127D1AB700}.Release|x64.Build.0 = Release|x64
		{B9799C1B-6092-4DF2-9274-7C127D1AB700}.Release|x64.Deploy.0 = Release|x64
		{B9799C1B-6092-4DF2-9274-7C127D1AB700}.Release|x86.ActiveCfg = Release|x86
		{B9799C1B-6092-4DF2-9274-7C127D1AB700}.Release|x86.Build.0 = Release|x86
		{B9799C1B-6092-4DF2-9274-7C127D1AB700}.Release|x86.Deploy.0 = Release|x86
		{5077C264-AD1A-4FFA-899C-A564F624F161}.Ad-Hoc|Any CPU.ActiveCfg = Release|Any CPU
		{5077C264-AD1A-4FFA-899C-A564F624F161}.Ad-Hoc|Any CPU.Build.0 = Release|Any CPU
		{5077C264-AD1A-4FFA-899C-A564F624F161}.Ad-Hoc|Any CPU.Deploy.0 = Release|Any CPU
		{5077C264-AD1A-4FFA-899C-A564F624F161}.Ad-Hoc|ARM.ActiveCfg = Release|Any CPU
		{5077C264-AD1A-4FFA-899C-A564F624F161}.Ad-Hoc|ARM.Build.0 = Release|Any CPU
		{5077C264-AD1A-4FFA-899C-A564F624F161}.Ad-Hoc|ARM.Deploy.0 = Release|Any CPU
		{5077C264-AD1A-4FFA-899C-A564F624F161}.Ad-Hoc|iPhone.ActiveCfg = Release|Any CPU
		{5077C264-AD1A-4FFA-899C-A564F624F161}.Ad-Hoc|iPhone.Build.0 = Release|Any CPU
		{5077C264-AD1A-4FFA-899C-A564F624F161}.Ad-Hoc|iPhone.Deploy.0 = Release|Any CPU
		{5077C264-AD1A-4FFA-899C-A564F624F161}.Ad-Hoc|iPhoneSimulator.ActiveCfg = Release|Any CPU
		{5077C264-AD1A-4FFA-899C-A564F624F161}.Ad-Hoc|iPhoneSimulator.Build.0 = Release|Any CPU
		{5077C264-AD1A-4FFA-899C-A564F624F161}.Ad-Hoc|iPhoneSimulator.Deploy.0 = Release|Any CPU
		{5077C264-AD1A-4FFA-899C-A564F624F161}.Ad-Hoc|x64.ActiveCfg = Release|Any CPU
		{5077C264-AD1A-4FFA-899C-A564F624F161}.Ad-Hoc|x64.Build.0 = Release|Any CPU
		{5077C264-AD1A-4FFA-899C-A564F624F161}.Ad-Hoc|x64.Deploy.0 = Release|Any CPU
		{5077C264-AD1A-4FFA-899C-A564F624F161}.Ad-Hoc|x86.ActiveCfg = Release|Any CPU
		{5077C264-AD1A-4FFA-899C-A564F624F161}.Ad-Hoc|x86.Build.0 = Release|Any CPU
		{5077C264-AD1A-4FFA-899C-A564F624F161}.Ad-Hoc|x86.Deploy.0 = Release|Any CPU
		{5077C264-AD1A-4FFA-899C-A564F624F161}.AppStore|Any CPU.ActiveCfg = Release|Any CPU
		{5077C264-AD1A-4FFA-899C-A564F624F161}.AppStore|Any CPU.Build.0 = Release|Any CPU
		{5077C264-AD1A-4FFA-899C-A564F624F161}.AppStore|Any CPU.Deploy.0 = Release|Any CPU
		{5077C264-AD1A-4FFA-899C-A564F624F161}.AppStore|ARM.ActiveCfg = Release|Any CPU
		{5077C264-AD1A-4FFA-899C-A564F624F161}.AppStore|ARM.Build.0 = Release|Any CPU
		{5077C264-AD1A-4FFA-899C-A564F624F161}.AppStore|ARM.Deploy.0 = Release|Any CPU
		{5077C264-AD1A-4FFA-899C-A564F624F161}.AppStore|iPhone.ActiveCfg = Release|Any CPU
		{5077C264-AD1A-4FFA-899C-A564F624F161}.AppStore|iPhone.Build.0 = Release|Any CPU
		{5077C264-AD1A-4FFA-899C-A564F624F161}.AppStore|iPhone.Deploy.0 = Release|Any CPU
		{5077C264-AD1A-4FFA-899C-A564F624F161}.AppStore|iPhoneSimulator.ActiveCfg = Release|Any CPU
		{5077C264-AD1A-4FFA-899C-A564F624F161}.AppStore|iPhoneSimulator.Build.0 = Release|Any CPU
		{5077C264-AD1A-4FFA-899C-A564F624F161}.AppStore|iPhoneSimulator.Deploy.0 = Release|Any CPU
		{5077C264-AD1A-4FFA-899C-A564F624F161}.AppStore|x64.ActiveCfg = Release|Any CPU
		{5077C264-AD1A-4FFA-899C-A564F624F161}.AppStore|x64.Build.0 = Release|Any CPU
		{5077C264-AD1A-4FFA-899C-A564F624F161}.AppStore|x64.Deploy.0 = Release|Any CPU
		{5077C264-AD1A-4FFA-899C-A564F624F161}.AppStore|x86.ActiveCfg = Release|Any CPU
		{5077C264-AD1A-4FFA-899C-A564F624F161}.AppStore|x86.Build.0 = Release|Any CPU
		{5077C264-AD1A-4FFA-899C-A564F624F161}.AppStore|x86.Deploy.0 = Release|Any CPU
		{5077C264-AD1A-4FFA-899C-A564F624F161}.Debug|Any CPU.ActiveCfg = Debug|Any CPU
		{5077C264-AD1A-4FFA-899C-A564F624F161}.Debug|Any CPU.Build.0 = Debug|Any CPU
		{5077C264-AD1A-4FFA-899C-A564F624F161}.Debug|Any CPU.Deploy.0 = Debug|Any CPU
		{5077C264-AD1A-4FFA-899C-A564F624F161}.Debug|ARM.ActiveCfg = Debug|Any CPU
		{5077C264-AD1A-4FFA-899C-A564F624F161}.Debug|ARM.Build.0 = Debug|Any CPU
		{5077C264-AD1A-4FFA-899C-A564F624F161}.Debug|ARM.Deploy.0 = Debug|Any CPU
		{5077C264-AD1A-4FFA-899C-A564F624F161}.Debug|iPhone.ActiveCfg = Debug|Any CPU
		{5077C264-AD1A-4FFA-899C-A564F624F161}.Debug|iPhone.Build.0 = Debug|Any CPU
		{5077C264-AD1A-4FFA-899C-A564F624F161}.Debug|iPhone.Deploy.0 = Debug|Any CPU
		{5077C264-AD1A-4FFA-899C-A564F624F161}.Debug|iPhoneSimulator.ActiveCfg = Debug|Any CPU
		{5077C264-AD1A-4FFA-899C-A564F624F161}.Debug|iPhoneSimulator.Build.0 = Debug|Any CPU
		{5077C264-AD1A-4FFA-899C-A564F624F161}.Debug|iPhoneSimulator.Deploy.0 = Debug|Any CPU
		{5077C264-AD1A-4FFA-899C-A564F624F161}.Debug|x64.ActiveCfg = Debug|Any CPU
		{5077C264-AD1A-4FFA-899C-A564F624F161}.Debug|x64.Build.0 = Debug|Any CPU
		{5077C264-AD1A-4FFA-899C-A564F624F161}.Debug|x64.Deploy.0 = Debug|Any CPU
		{5077C264-AD1A-4FFA-899C-A564F624F161}.Debug|x86.ActiveCfg = Debug|Any CPU
		{5077C264-AD1A-4FFA-899C-A564F624F161}.Debug|x86.Build.0 = Debug|Any CPU
		{5077C264-AD1A-4FFA-899C-A564F624F161}.Debug|x86.Deploy.0 = Debug|Any CPU
		{5077C264-AD1A-4FFA-899C-A564F624F161}.Release_iOS|Any CPU.ActiveCfg = Release|Any CPU
		{5077C264-AD1A-4FFA-899C-A564F624F161}.Release_iOS|ARM.ActiveCfg = Release|Any CPU
		{5077C264-AD1A-4FFA-899C-A564F624F161}.Release_iOS|ARM.Build.0 = Release|Any CPU
		{5077C264-AD1A-4FFA-899C-A564F624F161}.Release_iOS|ARM.Deploy.0 = Release|Any CPU
		{5077C264-AD1A-4FFA-899C-A564F624F161}.Release_iOS|iPhone.ActiveCfg = Release|Any CPU
		{5077C264-AD1A-4FFA-899C-A564F624F161}.Release_iOS|iPhone.Build.0 = Release|Any CPU
		{5077C264-AD1A-4FFA-899C-A564F624F161}.Release_iOS|iPhone.Deploy.0 = Release|Any CPU
		{5077C264-AD1A-4FFA-899C-A564F624F161}.Release_iOS|iPhoneSimulator.ActiveCfg = Release|Any CPU
		{5077C264-AD1A-4FFA-899C-A564F624F161}.Release_iOS|iPhoneSimulator.Build.0 = Release|Any CPU
		{5077C264-AD1A-4FFA-899C-A564F624F161}.Release_iOS|iPhoneSimulator.Deploy.0 = Release|Any CPU
		{5077C264-AD1A-4FFA-899C-A564F624F161}.Release_iOS|x64.ActiveCfg = Release|Any CPU
		{5077C264-AD1A-4FFA-899C-A564F624F161}.Release_iOS|x64.Build.0 = Release|Any CPU
		{5077C264-AD1A-4FFA-899C-A564F624F161}.Release_iOS|x64.Deploy.0 = Release|Any CPU
		{5077C264-AD1A-4FFA-899C-A564F624F161}.Release_iOS|x86.ActiveCfg = Release|Any CPU
		{5077C264-AD1A-4FFA-899C-A564F624F161}.Release_iOS|x86.Build.0 = Release|Any CPU
		{5077C264-AD1A-4FFA-899C-A564F624F161}.Release_iOS|x86.Deploy.0 = Release|Any CPU
		{5077C264-AD1A-4FFA-899C-A564F624F161}.Release_UWP|Any CPU.ActiveCfg = Release|Any CPU
		{5077C264-AD1A-4FFA-899C-A564F624F161}.Release_UWP|ARM.ActiveCfg = Release|Any CPU
		{5077C264-AD1A-4FFA-899C-A564F624F161}.Release_UWP|ARM.Build.0 = Release|Any CPU
		{5077C264-AD1A-4FFA-899C-A564F624F161}.Release_UWP|ARM.Deploy.0 = Release|Any CPU
		{5077C264-AD1A-4FFA-899C-A564F624F161}.Release_UWP|iPhone.ActiveCfg = Release|Any CPU
		{5077C264-AD1A-4FFA-899C-A564F624F161}.Release_UWP|iPhone.Build.0 = Release|Any CPU
		{5077C264-AD1A-4FFA-899C-A564F624F161}.Release_UWP|iPhone.Deploy.0 = Release|Any CPU
		{5077C264-AD1A-4FFA-899C-A564F624F161}.Release_UWP|iPhoneSimulator.ActiveCfg = Release|Any CPU
		{5077C264-AD1A-4FFA-899C-A564F624F161}.Release_UWP|iPhoneSimulator.Build.0 = Release|Any CPU
		{5077C264-AD1A-4FFA-899C-A564F624F161}.Release_UWP|iPhoneSimulator.Deploy.0 = Release|Any CPU
		{5077C264-AD1A-4FFA-899C-A564F624F161}.Release_UWP|x64.ActiveCfg = Release|Any CPU
		{5077C264-AD1A-4FFA-899C-A564F624F161}.Release_UWP|x64.Build.0 = Release|Any CPU
		{5077C264-AD1A-4FFA-899C-A564F624F161}.Release_UWP|x64.Deploy.0 = Release|Any CPU
		{5077C264-AD1A-4FFA-899C-A564F624F161}.Release_UWP|x86.ActiveCfg = Release|Any CPU
		{5077C264-AD1A-4FFA-899C-A564F624F161}.Release_UWP|x86.Build.0 = Release|Any CPU
		{5077C264-AD1A-4FFA-899C-A564F624F161}.Release_UWP|x86.Deploy.0 = Release|Any CPU
		{5077C264-AD1A-4FFA-899C-A564F624F161}.Release|Any CPU.ActiveCfg = Release|Any CPU
		{5077C264-AD1A-4FFA-899C-A564F624F161}.Release|Any CPU.Build.0 = Release|Any CPU
		{5077C264-AD1A-4FFA-899C-A564F624F161}.Release|Any CPU.Deploy.0 = Release|Any CPU
		{5077C264-AD1A-4FFA-899C-A564F624F161}.Release|ARM.ActiveCfg = Release|Any CPU
		{5077C264-AD1A-4FFA-899C-A564F624F161}.Release|ARM.Build.0 = Release|Any CPU
		{5077C264-AD1A-4FFA-899C-A564F624F161}.Release|ARM.Deploy.0 = Release|Any CPU
		{5077C264-AD1A-4FFA-899C-A564F624F161}.Release|iPhone.ActiveCfg = Release|Any CPU
		{5077C264-AD1A-4FFA-899C-A564F624F161}.Release|iPhone.Build.0 = Release|Any CPU
		{5077C264-AD1A-4FFA-899C-A564F624F161}.Release|iPhone.Deploy.0 = Release|Any CPU
		{5077C264-AD1A-4FFA-899C-A564F624F161}.Release|iPhoneSimulator.ActiveCfg = Release|Any CPU
		{5077C264-AD1A-4FFA-899C-A564F624F161}.Release|iPhoneSimulator.Build.0 = Release|Any CPU
		{5077C264-AD1A-4FFA-899C-A564F624F161}.Release|iPhoneSimulator.Deploy.0 = Release|Any CPU
		{5077C264-AD1A-4FFA-899C-A564F624F161}.Release|x64.ActiveCfg = Release|Any CPU
		{5077C264-AD1A-4FFA-899C-A564F624F161}.Release|x64.Build.0 = Release|Any CPU
		{5077C264-AD1A-4FFA-899C-A564F624F161}.Release|x64.Deploy.0 = Release|Any CPU
		{5077C264-AD1A-4FFA-899C-A564F624F161}.Release|x86.ActiveCfg = Release|Any CPU
		{5077C264-AD1A-4FFA-899C-A564F624F161}.Release|x86.Build.0 = Release|Any CPU
		{5077C264-AD1A-4FFA-899C-A564F624F161}.Release|x86.Deploy.0 = Release|Any CPU
		{85473ADF-7C3B-415B-B68D-0B90483CEB26}.Ad-Hoc|Any CPU.ActiveCfg = Ad-Hoc|iPhone
		{85473ADF-7C3B-415B-B68D-0B90483CEB26}.Ad-Hoc|ARM.ActiveCfg = Ad-Hoc|iPhone
		{85473ADF-7C3B-415B-B68D-0B90483CEB26}.Ad-Hoc|iPhone.ActiveCfg = Ad-Hoc|iPhone
		{85473ADF-7C3B-415B-B68D-0B90483CEB26}.Ad-Hoc|iPhone.Build.0 = Ad-Hoc|iPhone
		{85473ADF-7C3B-415B-B68D-0B90483CEB26}.Ad-Hoc|iPhoneSimulator.ActiveCfg = Ad-Hoc|iPhoneSimulator
		{85473ADF-7C3B-415B-B68D-0B90483CEB26}.Ad-Hoc|iPhoneSimulator.Build.0 = Ad-Hoc|iPhoneSimulator
		{85473ADF-7C3B-415B-B68D-0B90483CEB26}.Ad-Hoc|x64.ActiveCfg = Ad-Hoc|iPhone
		{85473ADF-7C3B-415B-B68D-0B90483CEB26}.Ad-Hoc|x86.ActiveCfg = Ad-Hoc|iPhone
		{85473ADF-7C3B-415B-B68D-0B90483CEB26}.AppStore|Any CPU.ActiveCfg = AppStore|iPhone
		{85473ADF-7C3B-415B-B68D-0B90483CEB26}.AppStore|ARM.ActiveCfg = AppStore|iPhone
		{85473ADF-7C3B-415B-B68D-0B90483CEB26}.AppStore|iPhone.ActiveCfg = AppStore|iPhone
		{85473ADF-7C3B-415B-B68D-0B90483CEB26}.AppStore|iPhone.Build.0 = AppStore|iPhone
		{85473ADF-7C3B-415B-B68D-0B90483CEB26}.AppStore|iPhoneSimulator.ActiveCfg = AppStore|iPhoneSimulator
		{85473ADF-7C3B-415B-B68D-0B90483CEB26}.AppStore|iPhoneSimulator.Build.0 = AppStore|iPhoneSimulator
		{85473ADF-7C3B-415B-B68D-0B90483CEB26}.AppStore|x64.ActiveCfg = AppStore|iPhone
		{85473ADF-7C3B-415B-B68D-0B90483CEB26}.AppStore|x86.ActiveCfg = AppStore|iPhone
		{85473ADF-7C3B-415B-B68D-0B90483CEB26}.Debug|Any CPU.ActiveCfg = Debug|iPhone
		{85473ADF-7C3B-415B-B68D-0B90483CEB26}.Debug|ARM.ActiveCfg = Debug|iPhone
		{85473ADF-7C3B-415B-B68D-0B90483CEB26}.Debug|iPhone.ActiveCfg = Debug|iPhone
		{85473ADF-7C3B-415B-B68D-0B90483CEB26}.Debug|iPhone.Build.0 = Debug|iPhone
		{85473ADF-7C3B-415B-B68D-0B90483CEB26}.Debug|iPhoneSimulator.ActiveCfg = Debug|iPhoneSimulator
		{85473ADF-7C3B-415B-B68D-0B90483CEB26}.Debug|iPhoneSimulator.Build.0 = Debug|iPhoneSimulator
		{85473ADF-7C3B-415B-B68D-0B90483CEB26}.Debug|x64.ActiveCfg = Debug|iPhone
		{85473ADF-7C3B-415B-B68D-0B90483CEB26}.Debug|x86.ActiveCfg = Debug|iPhone
		{85473ADF-7C3B-415B-B68D-0B90483CEB26}.Release_iOS|Any CPU.ActiveCfg = Release|iPhone
		{85473ADF-7C3B-415B-B68D-0B90483CEB26}.Release_iOS|Any CPU.Build.0 = Release|iPhone
		{85473ADF-7C3B-415B-B68D-0B90483CEB26}.Release_iOS|ARM.ActiveCfg = Release|iPhone
		{85473ADF-7C3B-415B-B68D-0B90483CEB26}.Release_iOS|iPhone.ActiveCfg = Release|iPhone
		{85473ADF-7C3B-415B-B68D-0B90483CEB26}.Release_iOS|iPhone.Build.0 = Release|iPhone
		{85473ADF-7C3B-415B-B68D-0B90483CEB26}.Release_iOS|iPhoneSimulator.ActiveCfg = Release|iPhoneSimulator
		{85473ADF-7C3B-415B-B68D-0B90483CEB26}.Release_iOS|iPhoneSimulator.Build.0 = Release|iPhoneSimulator
		{85473ADF-7C3B-415B-B68D-0B90483CEB26}.Release_iOS|x64.ActiveCfg = Release|iPhone
		{85473ADF-7C3B-415B-B68D-0B90483CEB26}.Release_iOS|x86.ActiveCfg = Release|iPhone
		{85473ADF-7C3B-415B-B68D-0B90483CEB26}.Release_UWP|Any CPU.ActiveCfg = Release|iPhoneSimulator
		{85473ADF-7C3B-415B-B68D-0B90483CEB26}.Release_UWP|ARM.ActiveCfg = Release|iPhoneSimulator
		{85473ADF-7C3B-415B-B68D-0B90483CEB26}.Release_UWP|ARM.Build.0 = Release|iPhoneSimulator
		{85473ADF-7C3B-415B-B68D-0B90483CEB26}.Release_UWP|iPhone.ActiveCfg = Release|iPhone
		{85473ADF-7C3B-415B-B68D-0B90483CEB26}.Release_UWP|iPhone.Build.0 = Release|iPhone
		{85473ADF-7C3B-415B-B68D-0B90483CEB26}.Release_UWP|iPhoneSimulator.ActiveCfg = Release|iPhoneSimulator
		{85473ADF-7C3B-415B-B68D-0B90483CEB26}.Release_UWP|iPhoneSimulator.Build.0 = Release|iPhoneSimulator
		{85473ADF-7C3B-415B-B68D-0B90483CEB26}.Release_UWP|x64.ActiveCfg = Release|iPhoneSimulator
		{85473ADF-7C3B-415B-B68D-0B90483CEB26}.Release_UWP|x64.Build.0 = Release|iPhoneSimulator
		{85473ADF-7C3B-415B-B68D-0B90483CEB26}.Release_UWP|x86.ActiveCfg = Release|iPhoneSimulator
		{85473ADF-7C3B-415B-B68D-0B90483CEB26}.Release_UWP|x86.Build.0 = Release|iPhoneSimulator
		{85473ADF-7C3B-415B-B68D-0B90483CEB26}.Release|Any CPU.ActiveCfg = Release|iPhone
		{85473ADF-7C3B-415B-B68D-0B90483CEB26}.Release|Any CPU.Build.0 = Release|iPhone
		{85473ADF-7C3B-415B-B68D-0B90483CEB26}.Release|ARM.ActiveCfg = Release|iPhone
		{85473ADF-7C3B-415B-B68D-0B90483CEB26}.Release|iPhone.ActiveCfg = Release|iPhone
		{85473ADF-7C3B-415B-B68D-0B90483CEB26}.Release|iPhone.Build.0 = Release|iPhone
		{85473ADF-7C3B-415B-B68D-0B90483CEB26}.Release|iPhoneSimulator.ActiveCfg = Release|iPhoneSimulator
		{85473ADF-7C3B-415B-B68D-0B90483CEB26}.Release|iPhoneSimulator.Build.0 = Release|iPhoneSimulator
		{85473ADF-7C3B-415B-B68D-0B90483CEB26}.Release|x64.ActiveCfg = Release|iPhone
		{85473ADF-7C3B-415B-B68D-0B90483CEB26}.Release|x86.ActiveCfg = Release|iPhone
		{BE24E930-CBD3-4043-B55F-586DCC1E5225}.Ad-Hoc|Any CPU.ActiveCfg = Debug|Any CPU
		{BE24E930-CBD3-4043-B55F-586DCC1E5225}.Ad-Hoc|Any CPU.Build.0 = Debug|Any CPU
		{BE24E930-CBD3-4043-B55F-586DCC1E5225}.Ad-Hoc|ARM.ActiveCfg = Debug|Any CPU
		{BE24E930-CBD3-4043-B55F-586DCC1E5225}.Ad-Hoc|ARM.Build.0 = Debug|Any CPU
		{BE24E930-CBD3-4043-B55F-586DCC1E5225}.Ad-Hoc|iPhone.ActiveCfg = Debug|Any CPU
		{BE24E930-CBD3-4043-B55F-586DCC1E5225}.Ad-Hoc|iPhone.Build.0 = Debug|Any CPU
		{BE24E930-CBD3-4043-B55F-586DCC1E5225}.Ad-Hoc|iPhoneSimulator.ActiveCfg = Debug|Any CPU
		{BE24E930-CBD3-4043-B55F-586DCC1E5225}.Ad-Hoc|iPhoneSimulator.Build.0 = Debug|Any CPU
		{BE24E930-CBD3-4043-B55F-586DCC1E5225}.Ad-Hoc|x64.ActiveCfg = Debug|Any CPU
		{BE24E930-CBD3-4043-B55F-586DCC1E5225}.Ad-Hoc|x64.Build.0 = Debug|Any CPU
		{BE24E930-CBD3-4043-B55F-586DCC1E5225}.Ad-Hoc|x86.ActiveCfg = Debug|Any CPU
		{BE24E930-CBD3-4043-B55F-586DCC1E5225}.Ad-Hoc|x86.Build.0 = Debug|Any CPU
		{BE24E930-CBD3-4043-B55F-586DCC1E5225}.AppStore|Any CPU.ActiveCfg = Debug|Any CPU
		{BE24E930-CBD3-4043-B55F-586DCC1E5225}.AppStore|Any CPU.Build.0 = Debug|Any CPU
		{BE24E930-CBD3-4043-B55F-586DCC1E5225}.AppStore|ARM.ActiveCfg = Debug|Any CPU
		{BE24E930-CBD3-4043-B55F-586DCC1E5225}.AppStore|ARM.Build.0 = Debug|Any CPU
		{BE24E930-CBD3-4043-B55F-586DCC1E5225}.AppStore|iPhone.ActiveCfg = Debug|Any CPU
		{BE24E930-CBD3-4043-B55F-586DCC1E5225}.AppStore|iPhone.Build.0 = Debug|Any CPU
		{BE24E930-CBD3-4043-B55F-586DCC1E5225}.AppStore|iPhoneSimulator.ActiveCfg = Debug|Any CPU
		{BE24E930-CBD3-4043-B55F-586DCC1E5225}.AppStore|iPhoneSimulator.Build.0 = Debug|Any CPU
		{BE24E930-CBD3-4043-B55F-586DCC1E5225}.AppStore|x64.ActiveCfg = Debug|Any CPU
		{BE24E930-CBD3-4043-B55F-586DCC1E5225}.AppStore|x64.Build.0 = Debug|Any CPU
		{BE24E930-CBD3-4043-B55F-586DCC1E5225}.AppStore|x86.ActiveCfg = Debug|Any CPU
		{BE24E930-CBD3-4043-B55F-586DCC1E5225}.AppStore|x86.Build.0 = Debug|Any CPU
		{BE24E930-CBD3-4043-B55F-586DCC1E5225}.Debug|Any CPU.ActiveCfg = Debug|Any CPU
		{BE24E930-CBD3-4043-B55F-586DCC1E5225}.Debug|Any CPU.Build.0 = Debug|Any CPU
		{BE24E930-CBD3-4043-B55F-586DCC1E5225}.Debug|ARM.ActiveCfg = Debug|Any CPU
		{BE24E930-CBD3-4043-B55F-586DCC1E5225}.Debug|ARM.Build.0 = Debug|Any CPU
		{BE24E930-CBD3-4043-B55F-586DCC1E5225}.Debug|iPhone.ActiveCfg = Debug|Any CPU
		{BE24E930-CBD3-4043-B55F-586DCC1E5225}.Debug|iPhone.Build.0 = Debug|Any CPU
		{BE24E930-CBD3-4043-B55F-586DCC1E5225}.Debug|iPhoneSimulator.ActiveCfg = Debug|Any CPU
		{BE24E930-CBD3-4043-B55F-586DCC1E5225}.Debug|iPhoneSimulator.Build.0 = Debug|Any CPU
		{BE24E930-CBD3-4043-B55F-586DCC1E5225}.Debug|x64.ActiveCfg = Debug|Any CPU
		{BE24E930-CBD3-4043-B55F-586DCC1E5225}.Debug|x64.Build.0 = Debug|Any CPU
		{BE24E930-CBD3-4043-B55F-586DCC1E5225}.Debug|x86.ActiveCfg = Debug|Any CPU
		{BE24E930-CBD3-4043-B55F-586DCC1E5225}.Debug|x86.Build.0 = Debug|Any CPU
		{BE24E930-CBD3-4043-B55F-586DCC1E5225}.Release_iOS|Any CPU.ActiveCfg = Release|Any CPU
		{BE24E930-CBD3-4043-B55F-586DCC1E5225}.Release_iOS|Any CPU.Build.0 = Release|Any CPU
		{BE24E930-CBD3-4043-B55F-586DCC1E5225}.Release_iOS|ARM.ActiveCfg = Release|Any CPU
		{BE24E930-CBD3-4043-B55F-586DCC1E5225}.Release_iOS|ARM.Build.0 = Release|Any CPU
		{BE24E930-CBD3-4043-B55F-586DCC1E5225}.Release_iOS|iPhone.ActiveCfg = Release|Any CPU
		{BE24E930-CBD3-4043-B55F-586DCC1E5225}.Release_iOS|iPhone.Build.0 = Release|Any CPU
		{BE24E930-CBD3-4043-B55F-586DCC1E5225}.Release_iOS|iPhoneSimulator.ActiveCfg = Release|Any CPU
		{BE24E930-CBD3-4043-B55F-586DCC1E5225}.Release_iOS|iPhoneSimulator.Build.0 = Release|Any CPU
		{BE24E930-CBD3-4043-B55F-586DCC1E5225}.Release_iOS|x64.ActiveCfg = Release|Any CPU
		{BE24E930-CBD3-4043-B55F-586DCC1E5225}.Release_iOS|x64.Build.0 = Release|Any CPU
		{BE24E930-CBD3-4043-B55F-586DCC1E5225}.Release_iOS|x86.ActiveCfg = Release|Any CPU
		{BE24E930-CBD3-4043-B55F-586DCC1E5225}.Release_iOS|x86.Build.0 = Release|Any CPU
		{BE24E930-CBD3-4043-B55F-586DCC1E5225}.Release_UWP|Any CPU.ActiveCfg = Release|Any CPU
		{BE24E930-CBD3-4043-B55F-586DCC1E5225}.Release_UWP|ARM.ActiveCfg = Release|Any CPU
		{BE24E930-CBD3-4043-B55F-586DCC1E5225}.Release_UWP|ARM.Build.0 = Release|Any CPU
		{BE24E930-CBD3-4043-B55F-586DCC1E5225}.Release_UWP|iPhone.ActiveCfg = Release|Any CPU
		{BE24E930-CBD3-4043-B55F-586DCC1E5225}.Release_UWP|iPhone.Build.0 = Release|Any CPU
		{BE24E930-CBD3-4043-B55F-586DCC1E5225}.Release_UWP|iPhoneSimulator.ActiveCfg = Release|Any CPU
		{BE24E930-CBD3-4043-B55F-586DCC1E5225}.Release_UWP|iPhoneSimulator.Build.0 = Release|Any CPU
		{BE24E930-CBD3-4043-B55F-586DCC1E5225}.Release_UWP|x64.ActiveCfg = Release|Any CPU
		{BE24E930-CBD3-4043-B55F-586DCC1E5225}.Release_UWP|x64.Build.0 = Release|Any CPU
		{BE24E930-CBD3-4043-B55F-586DCC1E5225}.Release_UWP|x86.ActiveCfg = Release|Any CPU
		{BE24E930-CBD3-4043-B55F-586DCC1E5225}.Release_UWP|x86.Build.0 = Release|Any CPU
		{BE24E930-CBD3-4043-B55F-586DCC1E5225}.Release|Any CPU.ActiveCfg = Release|Any CPU
		{BE24E930-CBD3-4043-B55F-586DCC1E5225}.Release|Any CPU.Build.0 = Release|Any CPU
		{BE24E930-CBD3-4043-B55F-586DCC1E5225}.Release|ARM.ActiveCfg = Release|Any CPU
		{BE24E930-CBD3-4043-B55F-586DCC1E5225}.Release|ARM.Build.0 = Release|Any CPU
		{BE24E930-CBD3-4043-B55F-586DCC1E5225}.Release|iPhone.ActiveCfg = Release|Any CPU
		{BE24E930-CBD3-4043-B55F-586DCC1E5225}.Release|iPhone.Build.0 = Release|Any CPU
		{BE24E930-CBD3-4043-B55F-586DCC1E5225}.Release|iPhoneSimulator.ActiveCfg = Release|Any CPU
		{BE24E930-CBD3-4043-B55F-586DCC1E5225}.Release|iPhoneSimulator.Build.0 = Release|Any CPU
		{BE24E930-CBD3-4043-B55F-586DCC1E5225}.Release|x64.ActiveCfg = Release|Any CPU
		{BE24E930-CBD3-4043-B55F-586DCC1E5225}.Release|x64.Build.0 = Release|Any CPU
		{BE24E930-CBD3-4043-B55F-586DCC1E5225}.Release|x86.ActiveCfg = Release|Any CPU
		{BE24E930-CBD3-4043-B55F-586DCC1E5225}.Release|x86.Build.0 = Release|Any CPU
		{ED225EC8-FAAA-439D-B9BA-3723F6F5516C}.Ad-Hoc|Any CPU.ActiveCfg = Debug|Any CPU
		{ED225EC8-FAAA-439D-B9BA-3723F6F5516C}.Ad-Hoc|Any CPU.Build.0 = Debug|Any CPU
		{ED225EC8-FAAA-439D-B9BA-3723F6F5516C}.Ad-Hoc|ARM.ActiveCfg = Debug|Any CPU
		{ED225EC8-FAAA-439D-B9BA-3723F6F5516C}.Ad-Hoc|ARM.Build.0 = Debug|Any CPU
		{ED225EC8-FAAA-439D-B9BA-3723F6F5516C}.Ad-Hoc|iPhone.ActiveCfg = Debug|Any CPU
		{ED225EC8-FAAA-439D-B9BA-3723F6F5516C}.Ad-Hoc|iPhone.Build.0 = Debug|Any CPU
		{ED225EC8-FAAA-439D-B9BA-3723F6F5516C}.Ad-Hoc|iPhoneSimulator.ActiveCfg = Debug|Any CPU
		{ED225EC8-FAAA-439D-B9BA-3723F6F5516C}.Ad-Hoc|iPhoneSimulator.Build.0 = Debug|Any CPU
		{ED225EC8-FAAA-439D-B9BA-3723F6F5516C}.Ad-Hoc|x64.ActiveCfg = Debug|Any CPU
		{ED225EC8-FAAA-439D-B9BA-3723F6F5516C}.Ad-Hoc|x64.Build.0 = Debug|Any CPU
		{ED225EC8-FAAA-439D-B9BA-3723F6F5516C}.Ad-Hoc|x86.ActiveCfg = Debug|Any CPU
		{ED225EC8-FAAA-439D-B9BA-3723F6F5516C}.Ad-Hoc|x86.Build.0 = Debug|Any CPU
		{ED225EC8-FAAA-439D-B9BA-3723F6F5516C}.AppStore|Any CPU.ActiveCfg = Debug|Any CPU
		{ED225EC8-FAAA-439D-B9BA-3723F6F5516C}.AppStore|Any CPU.Build.0 = Debug|Any CPU
		{ED225EC8-FAAA-439D-B9BA-3723F6F5516C}.AppStore|ARM.ActiveCfg = Debug|Any CPU
		{ED225EC8-FAAA-439D-B9BA-3723F6F5516C}.AppStore|ARM.Build.0 = Debug|Any CPU
		{ED225EC8-FAAA-439D-B9BA-3723F6F5516C}.AppStore|iPhone.ActiveCfg = Debug|Any CPU
		{ED225EC8-FAAA-439D-B9BA-3723F6F5516C}.AppStore|iPhone.Build.0 = Debug|Any CPU
		{ED225EC8-FAAA-439D-B9BA-3723F6F5516C}.AppStore|iPhoneSimulator.ActiveCfg = Debug|Any CPU
		{ED225EC8-FAAA-439D-B9BA-3723F6F5516C}.AppStore|iPhoneSimulator.Build.0 = Debug|Any CPU
		{ED225EC8-FAAA-439D-B9BA-3723F6F5516C}.AppStore|x64.ActiveCfg = Debug|Any CPU
		{ED225EC8-FAAA-439D-B9BA-3723F6F5516C}.AppStore|x64.Build.0 = Debug|Any CPU
		{ED225EC8-FAAA-439D-B9BA-3723F6F5516C}.AppStore|x86.ActiveCfg = Debug|Any CPU
		{ED225EC8-FAAA-439D-B9BA-3723F6F5516C}.AppStore|x86.Build.0 = Debug|Any CPU
		{ED225EC8-FAAA-439D-B9BA-3723F6F5516C}.Debug|Any CPU.ActiveCfg = Debug|Any CPU
		{ED225EC8-FAAA-439D-B9BA-3723F6F5516C}.Debug|Any CPU.Build.0 = Debug|Any CPU
		{ED225EC8-FAAA-439D-B9BA-3723F6F5516C}.Debug|ARM.ActiveCfg = Debug|Any CPU
		{ED225EC8-FAAA-439D-B9BA-3723F6F5516C}.Debug|ARM.Build.0 = Debug|Any CPU
		{ED225EC8-FAAA-439D-B9BA-3723F6F5516C}.Debug|iPhone.ActiveCfg = Debug|Any CPU
		{ED225EC8-FAAA-439D-B9BA-3723F6F5516C}.Debug|iPhone.Build.0 = Debug|Any CPU
		{ED225EC8-FAAA-439D-B9BA-3723F6F5516C}.Debug|iPhoneSimulator.ActiveCfg = Debug|Any CPU
		{ED225EC8-FAAA-439D-B9BA-3723F6F5516C}.Debug|iPhoneSimulator.Build.0 = Debug|Any CPU
		{ED225EC8-FAAA-439D-B9BA-3723F6F5516C}.Debug|x64.ActiveCfg = Debug|Any CPU
		{ED225EC8-FAAA-439D-B9BA-3723F6F5516C}.Debug|x64.Build.0 = Debug|Any CPU
		{ED225EC8-FAAA-439D-B9BA-3723F6F5516C}.Debug|x86.ActiveCfg = Debug|Any CPU
		{ED225EC8-FAAA-439D-B9BA-3723F6F5516C}.Debug|x86.Build.0 = Debug|Any CPU
		{ED225EC8-FAAA-439D-B9BA-3723F6F5516C}.Release_iOS|Any CPU.ActiveCfg = Release|Any CPU
		{ED225EC8-FAAA-439D-B9BA-3723F6F5516C}.Release_iOS|Any CPU.Build.0 = Release|Any CPU
		{ED225EC8-FAAA-439D-B9BA-3723F6F5516C}.Release_iOS|ARM.ActiveCfg = Release|Any CPU
		{ED225EC8-FAAA-439D-B9BA-3723F6F5516C}.Release_iOS|ARM.Build.0 = Release|Any CPU
		{ED225EC8-FAAA-439D-B9BA-3723F6F5516C}.Release_iOS|iPhone.ActiveCfg = Release|Any CPU
		{ED225EC8-FAAA-439D-B9BA-3723F6F5516C}.Release_iOS|iPhone.Build.0 = Release|Any CPU
		{ED225EC8-FAAA-439D-B9BA-3723F6F5516C}.Release_iOS|iPhoneSimulator.ActiveCfg = Release|Any CPU
		{ED225EC8-FAAA-439D-B9BA-3723F6F5516C}.Release_iOS|iPhoneSimulator.Build.0 = Release|Any CPU
		{ED225EC8-FAAA-439D-B9BA-3723F6F5516C}.Release_iOS|x64.ActiveCfg = Release|Any CPU
		{ED225EC8-FAAA-439D-B9BA-3723F6F5516C}.Release_iOS|x64.Build.0 = Release|Any CPU
		{ED225EC8-FAAA-439D-B9BA-3723F6F5516C}.Release_iOS|x86.ActiveCfg = Release|Any CPU
		{ED225EC8-FAAA-439D-B9BA-3723F6F5516C}.Release_iOS|x86.Build.0 = Release|Any CPU
		{ED225EC8-FAAA-439D-B9BA-3723F6F5516C}.Release_UWP|Any CPU.ActiveCfg = Release|Any CPU
		{ED225EC8-FAAA-439D-B9BA-3723F6F5516C}.Release_UWP|ARM.ActiveCfg = Release|Any CPU
		{ED225EC8-FAAA-439D-B9BA-3723F6F5516C}.Release_UWP|ARM.Build.0 = Release|Any CPU
		{ED225EC8-FAAA-439D-B9BA-3723F6F5516C}.Release_UWP|iPhone.ActiveCfg = Release|Any CPU
		{ED225EC8-FAAA-439D-B9BA-3723F6F5516C}.Release_UWP|iPhone.Build.0 = Release|Any CPU
		{ED225EC8-FAAA-439D-B9BA-3723F6F5516C}.Release_UWP|iPhoneSimulator.ActiveCfg = Release|Any CPU
		{ED225EC8-FAAA-439D-B9BA-3723F6F5516C}.Release_UWP|iPhoneSimulator.Build.0 = Release|Any CPU
		{ED225EC8-FAAA-439D-B9BA-3723F6F5516C}.Release_UWP|x64.ActiveCfg = Release|Any CPU
		{ED225EC8-FAAA-439D-B9BA-3723F6F5516C}.Release_UWP|x64.Build.0 = Release|Any CPU
		{ED225EC8-FAAA-439D-B9BA-3723F6F5516C}.Release_UWP|x86.ActiveCfg = Release|Any CPU
		{ED225EC8-FAAA-439D-B9BA-3723F6F5516C}.Release_UWP|x86.Build.0 = Release|Any CPU
		{ED225EC8-FAAA-439D-B9BA-3723F6F5516C}.Release|Any CPU.ActiveCfg = Release|Any CPU
		{ED225EC8-FAAA-439D-B9BA-3723F6F5516C}.Release|ARM.ActiveCfg = Release|Any CPU
		{ED225EC8-FAAA-439D-B9BA-3723F6F5516C}.Release|ARM.Build.0 = Release|Any CPU
		{ED225EC8-FAAA-439D-B9BA-3723F6F5516C}.Release|iPhone.ActiveCfg = Release|Any CPU
		{ED225EC8-FAAA-439D-B9BA-3723F6F5516C}.Release|iPhone.Build.0 = Release|Any CPU
		{ED225EC8-FAAA-439D-B9BA-3723F6F5516C}.Release|iPhoneSimulator.ActiveCfg = Release|Any CPU
		{ED225EC8-FAAA-439D-B9BA-3723F6F5516C}.Release|iPhoneSimulator.Build.0 = Release|Any CPU
		{ED225EC8-FAAA-439D-B9BA-3723F6F5516C}.Release|x64.ActiveCfg = Release|Any CPU
		{ED225EC8-FAAA-439D-B9BA-3723F6F5516C}.Release|x64.Build.0 = Release|Any CPU
		{ED225EC8-FAAA-439D-B9BA-3723F6F5516C}.Release|x86.ActiveCfg = Release|Any CPU
		{ED225EC8-FAAA-439D-B9BA-3723F6F5516C}.Release|x86.Build.0 = Release|Any CPU
	EndGlobalSection
	GlobalSection(SolutionProperties) = preSolution
		HideSolutionNode = FALSE
	EndGlobalSection
	GlobalSection(ExtensibilityGlobals) = postSolution
		SolutionGuid = {E890A8C9-FF3F-496F-967D-978F9E007AD4}
	EndGlobalSection
EndGlobal
